// !$*UTF8*$!
{
	archiveVersion = 1;
	classes = {
	};
	objectVersion = 42;
	objects = {

/* Begin PBXBuildFile section */
		054412B605405A920086FD13 /* mov123.cpp in Sources */ = {isa = PBXBuildFile; fileRef = 054412B505405A920086FD13 /* mov123.cpp */; };
		14901E5409D5D1110082495B /* mov123.cpp in Sources */ = {isa = PBXBuildFile; fileRef = 054412B505405A920086FD13 /* mov123.cpp */; };
		14901E5609D5D1110082495B /* Carbon.framework in Frameworks */ = {isa = PBXBuildFile; fileRef = 67F52649029B02AF05CB1624 /* Carbon.framework */; };
		14901E5709D5D1110082495B /* QuickTime.framework in Frameworks */ = {isa = PBXBuildFile; fileRef = 67F5264A029B02AF05CB1624 /* QuickTime.framework */; };
		67F5264C029B02AF05CB1624 /* Carbon.framework in Frameworks */ = {isa = PBXBuildFile; fileRef = 67F52649029B02AF05CB1624 /* Carbon.framework */; };
		67F5264D029B02AF05CB1624 /* QuickTime.framework in Frameworks */ = {isa = PBXBuildFile; fileRef = 67F5264A029B02AF05CB1624 /* QuickTime.framework */; };
/* End PBXBuildFile section */

/* Begin PBXBuildStyle section */
		014CEA520018CE5811CA2923 /* Development */ = {
			isa = PBXBuildStyle;
			buildSettings = {
				COPY_PHASE_STRIP = NO;
				GCC_DYNAMIC_NO_PIC = NO;
				GCC_ENABLE_FIX_AND_CONTINUE = YES;
				GCC_GENERATE_DEBUGGING_SYMBOLS = YES;
				GCC_OPTIMIZATION_LEVEL = 0;
				OPTIMIZATION_CFLAGS = "-O0";
				ZERO_LINK = YES;
			};
			name = Development;
		};
		014CEA530018CE5811CA2923 /* Deployment */ = {
			isa = PBXBuildStyle;
			buildSettings = {
				COPY_PHASE_STRIP = YES;
				GCC_ENABLE_FIX_AND_CONTINUE = NO;
				ZERO_LINK = NO;
			};
			name = Deployment;
		};
/* End PBXBuildStyle section */

/* Begin PBXFileReference section */
		034768E8FF38A79811DB9C8B /* mov123 */ = {isa = PBXFileReference; explicitFileType = "compiled.mach-o.executable"; path = mov123; sourceTree = BUILT_PRODUCTS_DIR; };
		054412B505405A920086FD13 /* mov123.cpp */ = {isa = PBXFileReference; fileEncoding = 30; lastKnownFileType = sourcecode.cpp.cpp; path = mov123.cpp; sourceTree = "<group>"; };
		14901E5D09D5D1110082495B /* mov123 */ = {isa = PBXFileReference; explicitFileType = "compiled.mach-o.executable"; includeInIndex = 0; name = mov123; path = build/Development/mov123; sourceTree = "<group>"; };
		67F52649029B02AF05CB1624 /* Carbon.framework */ = {isa = PBXFileReference; lastKnownFileType = wrapper.framework; name = Carbon.framework; path = /System/Library/Frameworks/Carbon.framework; sourceTree = "<absolute>"; };
		67F5264A029B02AF05CB1624 /* QuickTime.framework */ = {isa = PBXFileReference; lastKnownFileType = wrapper.framework; name = QuickTime.framework; path = /System/Library/Frameworks/QuickTime.framework; sourceTree = "<absolute>"; };
/* End PBXFileReference section */

/* Begin PBXFrameworksBuildPhase section */
		08FB77A3FE84155DC02AAC07 /* Frameworks */ = {
			isa = PBXFrameworksBuildPhase;
			buildActionMask = 2147483647;
			files = (
				67F5264C029B02AF05CB1624 /* Carbon.framework in Frameworks */,
				67F5264D029B02AF05CB1624 /* QuickTime.framework in Frameworks */,
			);
			runOnlyForDeploymentPostprocessing = 0;
		};
		14901E5509D5D1110082495B /* Frameworks */ = {
			isa = PBXFrameworksBuildPhase;
			buildActionMask = 2147483647;
			files = (
				14901E5609D5D1110082495B /* Carbon.framework in Frameworks */,
				14901E5709D5D1110082495B /* QuickTime.framework in Frameworks */,
			);
			runOnlyForDeploymentPostprocessing = 0;
		};
/* End PBXFrameworksBuildPhase section */

/* Begin PBXGroup section */
		08FB7794FE84155DC02AAC07 /* mov123 */ = {
			isa = PBXGroup;
			children = (
				08FB7795FE84155DC02AAC07 /* Source */,
				67F52648029B02AF05CB1624 /* Frameworks */,
				1AB674ADFE9D54B511CA2CBB /* Products */,
			);
			name = mov123;
			sourceTree = "<group>";
		};
		08FB7795FE84155DC02AAC07 /* Source */ = {
			isa = PBXGroup;
			children = (
				054412B505405A920086FD13 /* mov123.cpp */,
			);
			name = Source;
			sourceTree = "<group>";
		};
		1AB674ADFE9D54B511CA2CBB /* Products */ = {
			isa = PBXGroup;
			children = (
				034768E8FF38A79811DB9C8B /* mov123 */,
				14901E5D09D5D1110082495B /* mov123 */,
			);
			name = Products;
			sourceTree = "<group>";
		};
		67F52648029B02AF05CB1624 /* Frameworks */ = {
			isa = PBXGroup;
			children = (
				67F52649029B02AF05CB1624 /* Carbon.framework */,
				67F5264A029B02AF05CB1624 /* QuickTime.framework */,
			);
			name = Frameworks;
			sourceTree = "<group>";
		};
/* End PBXGroup section */

/* Begin PBXHeadersBuildPhase section */
		08FB77A0FE84155DC02AAC07 /* Headers */ = {
			isa = PBXHeadersBuildPhase;
			buildActionMask = 2147483647;
			files = (
			);
			runOnlyForDeploymentPostprocessing = 0;
		};
		14901E5209D5D1110082495B /* Headers */ = {
			isa = PBXHeadersBuildPhase;
			buildActionMask = 2147483647;
			files = (
			);
			runOnlyForDeploymentPostprocessing = 0;
		};
/* End PBXHeadersBuildPhase section */

/* Begin PBXNativeTarget section */
		14901E5109D5D1110082495B /* mov123 (Upgraded) */ = {
			isa = PBXNativeTarget;
			buildConfigurationList = 14901E5909D5D1110082495B /* Build configuration list for PBXNativeTarget "mov123 (Upgraded)" */;
			buildPhases = (
				14901E5209D5D1110082495B /* Headers */,
				14901E5309D5D1110082495B /* Sources */,
				14901E5509D5D1110082495B /* Frameworks */,
				14901E5809D5D1110082495B /* Rez */,
			);
			buildRules = (
			);
			buildSettings = {
				FRAMEWORK_SEARCH_PATHS = "";
				HEADER_SEARCH_PATHS = "";
				INSTALL_PATH = "$(HOME)/bin";
				LIBRARY_SEARCH_PATHS = "";
				OTHER_LDFLAGS = "";
				OTHER_REZFLAGS = "";
				PRODUCT_NAME = mov123;
				REZ_EXECUTABLE = YES;
				SECTORDER_FLAGS = "";
				WARNING_CFLAGS = (
					"-Wmost",
					"-Wno-four-char-constants",
					"-Wno-unknown-pragmas",
				);
			};
			dependencies = (
			);
			name = "mov123 (Upgraded)";
			productInstallPath = "$(HOME)/bin";
			productName = mov123;
			productReference = 14901E5D09D5D1110082495B /* mov123 */;
			productType = "com.apple.product-type.tool";
		};
/* End PBXNativeTarget section */

/* Begin PBXProject section */
		08FB7793FE84155DC02AAC07 /* Project object */ = {
			isa = PBXProject;
			buildConfigurationList = 14CD6AA609D5D0580090EB7E /* Build configuration list for PBXProject "mov123" */;
			buildSettings = {
			};
			buildStyles = (
				014CEA520018CE5811CA2923 /* Development */,
				014CEA530018CE5811CA2923 /* Deployment */,
			);
			hasScannedForEncodings = 1;
			mainGroup = 08FB7794FE84155DC02AAC07 /* mov123 */;
			projectDirPath = "";
			targets = (
				14901E5109D5D1110082495B /* mov123 (Upgraded) */,
				08FB779FFE84155DC02AAC07 /* mov123 */,
			);
		};
/* End PBXProject section */

/* Begin PBXRezBuildPhase section */
		08FB77A5FE84155DC02AAC07 /* Rez */ = {
			isa = PBXRezBuildPhase;
			buildActionMask = 2147483647;
			files = (
			);
			runOnlyForDeploymentPostprocessing = 0;
		};
		14901E5809D5D1110082495B /* Rez */ = {
			isa = PBXRezBuildPhase;
			buildActionMask = 2147483647;
			files = (
			);
			runOnlyForDeploymentPostprocessing = 0;
		};
/* End PBXRezBuildPhase section */

/* Begin PBXSourcesBuildPhase section */
		08FB77A1FE84155DC02AAC07 /* Sources */ = {
			isa = PBXSourcesBuildPhase;
			buildActionMask = 2147483647;
			files = (
				054412B605405A920086FD13 /* mov123.cpp in Sources */,
			);
			runOnlyForDeploymentPostprocessing = 0;
		};
		14901E5309D5D1110082495B /* Sources */ = {
			isa = PBXSourcesBuildPhase;
			buildActionMask = 2147483647;
			files = (
				14901E5409D5D1110082495B /* mov123.cpp in Sources */,
			);
			runOnlyForDeploymentPostprocessing = 0;
		};
/* End PBXSourcesBuildPhase section */

/* Begin PBXToolTarget section */
		08FB779FFE84155DC02AAC07 /* mov123 */ = {
			isa = PBXToolTarget;
			buildConfigurationList = 14CD6AA209D5D0580090EB7E /* Build configuration list for PBXToolTarget "mov123" */;
			buildPhases = (
				08FB77A0FE84155DC02AAC07 /* Headers */,
				08FB77A1FE84155DC02AAC07 /* Sources */,
				08FB77A3FE84155DC02AAC07 /* Frameworks */,
				08FB77A5FE84155DC02AAC07 /* Rez */,
			);
			buildSettings = {
				FRAMEWORK_SEARCH_PATHS = "";
				HEADER_SEARCH_PATHS = "";
				INSTALL_PATH = "$(HOME)/bin";
				LIBRARY_SEARCH_PATHS = "";
				OTHER_LDFLAGS = "";
				OTHER_REZFLAGS = "";
				PRODUCT_NAME = mov123;
				REZ_EXECUTABLE = YES;
				SECTORDER_FLAGS = "";
				WARNING_CFLAGS = (
					"-Wmost",
					"-Wno-four-char-constants",
					"-Wno-unknown-pragmas",
				);
			};
			dependencies = (
			);
			name = mov123;
			productInstallPath = "$(HOME)/bin";
			productName = mov123;
			productReference = 034768E8FF38A79811DB9C8B /* mov123 */;
		};
/* End PBXToolTarget section */

/* Begin XCBuildConfiguration section */
		14901E5A09D5D1110082495B /* Development */ = {
			isa = XCBuildConfiguration;
			buildSettings = {
				COPY_PHASE_STRIP = NO;
				FRAMEWORK_SEARCH_PATHS = "";
				GCC_DYNAMIC_NO_PIC = NO;
				GCC_ENABLE_FIX_AND_CONTINUE = YES;
				GCC_GENERATE_DEBUGGING_SYMBOLS = YES;
				GCC_OPTIMIZATION_LEVEL = 0;
				HEADER_SEARCH_PATHS = "";
				INSTALL_PATH = "$(HOME)/bin";
				LIBRARY_SEARCH_PATHS = "";
				OTHER_LDFLAGS = "";
				OTHER_REZFLAGS = "";
				PRODUCT_NAME = mov123;
				REZ_EXECUTABLE = YES;
				SECTORDER_FLAGS = "";
				WARNING_CFLAGS = (
					"-Wmost",
					"-Wno-four-char-constants",
					"-Wno-unknown-pragmas",
				);
				ZERO_LINK = YES;
			};
			name = Development;
		};
		14901E5B09D5D1110082495B /* Deployment */ = {
			isa = XCBuildConfiguration;
			buildSettings = {
				COPY_PHASE_STRIP = YES;
				FRAMEWORK_SEARCH_PATHS = "";
				GCC_ENABLE_FIX_AND_CONTINUE = NO;
				HEADER_SEARCH_PATHS = "";
				INSTALL_PATH = "$(HOME)/bin";
				LIBRARY_SEARCH_PATHS = "";
				OTHER_LDFLAGS = "";
				OTHER_REZFLAGS = "";
				PRODUCT_NAME = mov123;
				REZ_EXECUTABLE = YES;
				SECTORDER_FLAGS = "";
				WARNING_CFLAGS = (
					"-Wmost",
					"-Wno-four-char-constants",
					"-Wno-unknown-pragmas",
				);
				ZERO_LINK = NO;
			};
			name = Deployment;
		};
		14901E5C09D5D1110082495B /* Default */ = {
			isa = XCBuildConfiguration;
			buildSettings = {
				FRAMEWORK_SEARCH_PATHS = "";
				HEADER_SEARCH_PATHS = "";
				INSTALL_PATH = "$(HOME)/bin";
				LIBRARY_SEARCH_PATHS = "";
				OTHER_LDFLAGS = "";
				OTHER_REZFLAGS = "";
				PRODUCT_NAME = mov123;
				REZ_EXECUTABLE = YES;
				SECTORDER_FLAGS = "";
				WARNING_CFLAGS = (
					"-Wmost",
					"-Wno-four-char-constants",
					"-Wno-unknown-pragmas",
				);
			};
			name = Default;
		};
		14CD6AA309D5D0580090EB7E /* Development */ = {
			isa = XCBuildConfiguration;
			buildSettings = {
				COPY_PHASE_STRIP = NO;
				FRAMEWORK_SEARCH_PATHS = "";
				GCC_DYNAMIC_NO_PIC = NO;
				GCC_ENABLE_FIX_AND_CONTINUE = YES;
				GCC_GENERATE_DEBUGGING_SYMBOLS = YES;
				GCC_OPTIMIZATION_LEVEL = 0;
				HEADER_SEARCH_PATHS = "";
				INSTALL_PATH = "$(HOME)/bin";
				LIBRARY_SEARCH_PATHS = "";
				OPTIMIZATION_CFLAGS = "-O0";
				OTHER_LDFLAGS = "";
				OTHER_REZFLAGS = "";
				PRODUCT_NAME = mov123;
				REZ_EXECUTABLE = YES;
				SECTORDER_FLAGS = "";
				WARNING_CFLAGS = (
					"-Wmost",
					"-Wno-four-char-constants",
					"-Wno-unknown-pragmas",
				);
				ZERO_LINK = YES;
			};
			name = Development;
		};
		14CD6AA409D5D0580090EB7E /* Deployment */ = {
			isa = XCBuildConfiguration;
			buildSettings = {
				COPY_PHASE_STRIP = YES;
				FRAMEWORK_SEARCH_PATHS = "";
				GCC_ENABLE_FIX_AND_CONTINUE = NO;
				HEADER_SEARCH_PATHS = "";
				INSTALL_PATH = "$(HOME)/bin";
				LIBRARY_SEARCH_PATHS = "";
				OTHER_LDFLAGS = "";
				OTHER_REZFLAGS = "";
				PRODUCT_NAME = mov123;
				REZ_EXECUTABLE = YES;
				SECTORDER_FLAGS = "";
				WARNING_CFLAGS = (
					"-Wmost",
					"-Wno-four-char-constants",
					"-Wno-unknown-pragmas",
				);
				ZERO_LINK = NO;
			};
			name = Deployment;
		};
		14CD6AA509D5D0580090EB7E /* Default */ = {
			isa = XCBuildConfiguration;
			buildSettings = {
				FRAMEWORK_SEARCH_PATHS = "";
				HEADER_SEARCH_PATHS = "";
				INSTALL_PATH = "$(HOME)/bin";
				LIBRARY_SEARCH_PATHS = "";
				OTHER_LDFLAGS = "";
				OTHER_REZFLAGS = "";
				PRODUCT_NAME = mov123;
				REZ_EXECUTABLE = YES;
				SECTORDER_FLAGS = "";
				WARNING_CFLAGS = (
					"-Wmost",
					"-Wno-four-char-constants",
					"-Wno-unknown-pragmas",
				);
			};
			name = Default;
		};
		14CD6AA709D5D0580090EB7E /* Development */ = {
			isa = XCBuildConfiguration;
			buildSettings = {
				ARCHS = (
					ppc,
					i386,
				);
			};
			name = Development;
		};
		14CD6AA809D5D0580090EB7E /* Deployment */ = {
			isa = XCBuildConfiguration;
			buildSettings = {
				ARCHS = (
					ppc,
					i386,
				);
			};
			name = Deployment;
		};
		14CD6AA909D5D0580090EB7E /* Default */ = {
			isa = XCBuildConfiguration;
			buildSettings = {
				ARCHS = (
					ppc,
					i386,
				);
			};
			name = Default;
		};
/* End XCBuildConfiguration section */

/* Begin XCConfigurationList section */
		14901E5909D5D1110082495B /* Build configuration list for PBXNativeTarget "mov123 (Upgraded)" */ = {
			isa = XCConfigurationList;
			buildConfigurations = (
				14901E5A09D5D1110082495B /* Development */,
				14901E5B09D5D1110082495B /* Deployment */,
				14901E5C09D5D1110082495B /* Default */,
			);
			defaultConfigurationIsVisible = 0;
			defaultConfigurationName = Default;
		};
		14CD6AA209D5D0580090EB7E /* Build configuration list for PBXToolTarget "mov123" */ = {
			isa = XCConfigurationList;
			buildConfigurations = (
				14CD6AA309D5D0580090EB7E /* Development */,
				14CD6AA409D5D0580090EB7E /* Deployment */,
				14CD6AA509D5D0580090EB7E /* Default */,
			);
			defaultConfigurationIsVisible = 0;
			defaultConfigurationName = Default;
		};
		14CD6AA609D5D0580090EB7E /* Build configuration list for PBXProject "mov123" */ = {
			isa = XCConfigurationList;
			buildConfigurations = (
				14CD6AA709D5D0580090EB7E /* Development */,
				14CD6AA809D5D0580090EB7E /* Deployment */,
				14CD6AA909D5D0580090EB7E /* Default */,
			);
			defaultConfigurationIsVisible = 0;
			defaultConfigurationName = Default;
		};
/* End XCConfigurationList section */
	};
	rootObject = 08FB7793FE84155DC02AAC07 /* Project object */;
}
