Microsoft Visual Studio Solution File, Format Version 10.00
# Visual C++ Express 2008
Project("{8BC9CEB8-8B4A-11D0-8D11-00A0C91BC942}") = "mov123", "mov123.vcproj", "{BB9BA19B-6763-4460-9EBD-9D4B715FD362}"
EndProject
Global
	GlobalSection(SolutionConfigurationPlatforms) = preSolution
		Debug|Win32 = Debug|Win32
		Release|Win32 = Release|Win32
	EndGlobalSection
	GlobalSection(ProjectConfigurationPlatforms) = postSolution
		{BB9BA19B-6763-4460-9EBD-9D4B715FD362}.Debug|Win32.ActiveCfg = Debug|Win32
		{BB9BA19B-6763-4460-9EBD-9D4B715FD362}.Debug|Win32.Build.0 = Debug|Win32
		{BB9BA19B-6763-4460-9EBD-9D4B715FD362}.Release|Win32.ActiveCfg = Release|Win32
		{BB9BA19B-6763-4460-9EBD-9D4B715FD362}.Release|Win32.Build.0 = Release|Win32
	EndGlobalSection
	GlobalSection(SolutionProperties) = preSolution
		HideSolutionNode = FALSE
	EndGlobalSection
EndGlobal
