Microsoft Visual Studio Solution File, Format Version 10.00
# Visual Studio 2008
Project("{8BC9CEB8-8B4A-11D0-8D11-00A0C91BC942}") = "socketwrapper", "socketwrapper.vcproj", "{1B5CA2E5-5A64-4976-AB8C-5F63957CB855}"
EndProject
Global
	GlobalSection(SolutionConfigurationPlatforms) = preSolution
		Debug|Win32 = Debug|Win32
		Release|Win32 = Release|Win32
	EndGlobalSection
	GlobalSection(ProjectConfigurationPlatforms) = postSolution
		{1B5CA2E5-5A64-4976-AB8C-5F63957CB855}.Debug|Win32.ActiveCfg = Debug|Win32
		{1B5CA2E5-5A64-4976-AB8C-5F63957CB855}.Debug|Win32.Build.0 = Debug|Win32
		{1B5CA2E5-5A64-4976-AB8C-5F63957CB855}.Release|Win32.ActiveCfg = Release|Win32
		{1B5CA2E5-5A64-4976-AB8C-5F63957CB855}.Release|Win32.Build.0 = Release|Win32
	EndGlobalSection
	GlobalSection(SolutionProperties) = preSolution
		HideSolutionNode = FALSE
	EndGlobalSection
EndGlobal
